
Microsoft Visual Studio Solution File, Format Version 12.00
# Visual Studio 15
VisualStudioVersion = 15.0.26430.16
MinimumVisualStudioVersion = 10.0.40219.1
Project("{2150E333-8FDC-42A3-9474-1A3956D46DE8}") = "Solution Items", "Solution Items", "{FC94E63F-2ACD-4E49-97FB-4EE2A7535374}"
	ProjectSection(SolutionItems) = preProject
		README.md = README.md
	EndProjectSection
EndProject
Project("{9A19103F-16F7-4668-BE54-9A1E7A4F7556}") = "Fizzware.NBuilder", "src\FizzWare.NBuilder\Fizzware.NBuilder.csproj", "{D7F1E34F-2976-4B83-B3C2-4EFEB665E805}"
EndProject
Project("{9A19103F-16F7-4668-BE54-9A1E7A4F7556}") = "FizzWare.NBuilder.Tests", "tests\FizzWare.NBuilder.Tests\FizzWare.NBuilder.Tests.csproj", "{A697F75B-FAFE-404E-A6C0-554249ED5B52}"
EndProject
Global
	GlobalSection(SolutionConfigurationPlatforms) = preSolution
		Debug|Any CPU = Debug|Any CPU
		Release|Any CPU = Release|Any CPU
	EndGlobalSection
	GlobalSection(ProjectConfigurationPlatforms) = postSolution
		{D7F1E34F-2976-4B83-B3C2-4EFEB665E805}.Debug|Any CPU.ActiveCfg = Debug|Any CPU
		{D7F1E34F-2976-4B83-B3C2-4EFEB665E805}.Debug|Any CPU.Build.0 = Debug|Any CPU
		{D7F1E34F-2976-4B83-B3C2-4EFEB665E805}.Release|Any CPU.ActiveCfg = Release|Any CPU
		{D7F1E34F-2976-4B83-B3C2-4EFEB665E805}.Release|Any CPU.Build.0 = Release|Any CPU
		{A697F75B-FAFE-404E-A6C0-554249ED5B52}.Debug|Any CPU.ActiveCfg = Debug|Any CPU
		{A697F75B-FAFE-404E-A6C0-554249ED5B52}.Debug|Any CPU.Build.0 = Debug|Any CPU
		{A697F75B-FAFE-404E-A6C0-554249ED5B52}.Release|Any CPU.ActiveCfg = Release|Any CPU
		{A697F75B-FAFE-404E-A6C0-554249ED5B52}.Release|Any CPU.Build.0 = Release|Any CPU
	EndGlobalSection
	GlobalSection(SolutionProperties) = preSolution
		HideSolutionNode = FALSE
	EndGlobalSection
EndGlobal
