
Microsoft Visual Studio Solution File, Format Version 11.00
# Visual Studio 2010
Project("{FAE04EC0-301F-11D3-BF4B-00C04F79EFBC}") = "NBuilder.Website", "NBuilder.Website\NBuilder.Website.csproj", "{C8DBB16D-4760-44E0-8AB1-41B4F69E692D}"
EndProject
Global
	GlobalSection(SolutionConfigurationPlatforms) = preSolution
		Debug|Any CPU = Debug|Any CPU
		Release|Any CPU = Release|Any CPU
	EndGlobalSection
	GlobalSection(ProjectConfigurationPlatforms) = postSolution
		{C8DBB16D-4760-44E0-8AB1-41B4F69E692D}.Debug|Any CPU.ActiveCfg = Debug|Any CPU
		{C8DBB16D-4760-44E0-8AB1-41B4F69E692D}.Debug|Any CPU.Build.0 = Debug|Any CPU
		{C8DBB16D-4760-44E0-8AB1-41B4F69E692D}.Release|Any CPU.ActiveCfg = Release|Any CPU
		{C8DBB16D-4760-44E0-8AB1-41B4F69E692D}.Release|Any CPU.Build.0 = Release|Any CPU
	EndGlobalSection
	GlobalSection(SolutionProperties) = preSolution
		HideSolutionNode = FALSE
	EndGlobalSection
EndGlobal
