
Microsoft Visual Studio Solution File, Format Version 10.00
# Visual Studio 2008
Project("{FAE04EC0-301F-11D3-BF4B-00C04F79EFBC}") = "FizzWare.NBuilder", "FizzWare.NBuilder\FizzWare.NBuilder.csproj", "{2A91787B-AFB7-4A4C-A5D5-836F578F2DB6}"
EndProject
Project("{FAE04EC0-301F-11D3-BF4B-00C04F79EFBC}") = "FizzWare.NBuilder.Tests", "FizzWare.NBuilder.Tests\FizzWare.NBuilder.Tests.csproj", "{19C2A470-C015-46B7-84A1-B8F6895795B1}"
EndProject
Global
	GlobalSection(SolutionConfigurationPlatforms) = preSolution
		Debug|Any CPU = Debug|Any CPU
		Release|Any CPU = Release|Any CPU
	EndGlobalSection
	GlobalSection(ProjectConfigurationPlatforms) = postSolution
		{2A91787B-AFB7-4A4C-A5D5-836F578F2DB6}.Debug|Any CPU.ActiveCfg = Debug|Any CPU
		{2A91787B-AFB7-4A4C-A5D5-836F578F2DB6}.Debug|Any CPU.Build.0 = Debug|Any CPU
		{2A91787B-AFB7-4A4C-A5D5-836F578F2DB6}.Release|Any CPU.ActiveCfg = Release|Any CPU
		{2A91787B-AFB7-4A4C-A5D5-836F578F2DB6}.Release|Any CPU.Build.0 = Release|Any CPU
		{19C2A470-C015-46B7-84A1-B8F6895795B1}.Debug|Any CPU.ActiveCfg = Debug|Any CPU
		{19C2A470-C015-46B7-84A1-B8F6895795B1}.Debug|Any CPU.Build.0 = Debug|Any CPU
		{19C2A470-C015-46B7-84A1-B8F6895795B1}.Release|Any CPU.ActiveCfg = Release|Any CPU
		{19C2A470-C015-46B7-84A1-B8F6895795B1}.Release|Any CPU.Build.0 = Release|Any CPU
	EndGlobalSection
	GlobalSection(SolutionProperties) = preSolution
		HideSolutionNode = FALSE
	EndGlobalSection
EndGlobal
