
Microsoft Visual Studio Solution File, Format Version 11.00
# Visual Studio 2010
Project("{FAE04EC0-301F-11D3-BF4B-00C04F79EFBC}") = "FizzWare.NBuilder-Silverlight", "FizzWare.NBuilder\FizzWare.NBuilder-Silverlight.csproj", "{B54246F5-9D85-4510-8D8F-915AC8B64027}"
EndProject
Global
	GlobalSection(SolutionConfigurationPlatforms) = preSolution
		Debug|Any CPU = Debug|Any CPU
		Release|Any CPU = Release|Any CPU
	EndGlobalSection
	GlobalSection(ProjectConfigurationPlatforms) = postSolution
		{B54246F5-9D85-4510-8D8F-915AC8B64027}.Debug|Any CPU.ActiveCfg = Debug|Any CPU
		{B54246F5-9D85-4510-8D8F-915AC8B64027}.Debug|Any CPU.Build.0 = Debug|Any CPU
		{B54246F5-9D85-4510-8D8F-915AC8B64027}.Release|Any CPU.ActiveCfg = Release|Any CPU
		{B54246F5-9D85-4510-8D8F-915AC8B64027}.Release|Any CPU.Build.0 = Release|Any CPU
	EndGlobalSection
	GlobalSection(SolutionProperties) = preSolution
		HideSolutionNode = FALSE
	EndGlobalSection
EndGlobal
