
Microsoft Visual Studio Solution File, Format Version 12.00
# Visual Studio 14
VisualStudioVersion = 14.0.25420.1
MinimumVisualStudioVersion = 10.0.40219.1
Project("{8BB2217D-0F2D-49D1-97BC-3654ED321F3B}") = "FizzWare.NBuilder-NETCore", "FizzWare.NBuilder\FizzWare.NBuilder-NETCore.xproj", "{69E216C4-0E63-4EFD-9A47-344FAB7D7151}"
EndProject
Project("{8BB2217D-0F2D-49D1-97BC-3654ED321F3B}") = "TestAppNetCore", "TestAppNetCore\TestAppNetCore.xproj", "{95046D61-4981-4466-A727-EEC45D527F4E}"
EndProject
Global
	GlobalSection(SolutionConfigurationPlatforms) = preSolution
		Debug|Any CPU = Debug|Any CPU
		Release|Any CPU = Release|Any CPU
	EndGlobalSection
	GlobalSection(ProjectConfigurationPlatforms) = postSolution
		{69E216C4-0E63-4EFD-9A47-344FAB7D7151}.Debug|Any CPU.ActiveCfg = Debug|Any CPU
		{69E216C4-0E63-4EFD-9A47-344FAB7D7151}.Debug|Any CPU.Build.0 = Debug|Any CPU
		{69E216C4-0E63-4EFD-9A47-344FAB7D7151}.Release|Any CPU.ActiveCfg = Release|Any CPU
		{69E216C4-0E63-4EFD-9A47-344FAB7D7151}.Release|Any CPU.Build.0 = Release|Any CPU
		{95046D61-4981-4466-A727-EEC45D527F4E}.Debug|Any CPU.ActiveCfg = Debug|Any CPU
		{95046D61-4981-4466-A727-EEC45D527F4E}.Debug|Any CPU.Build.0 = Debug|Any CPU
		{95046D61-4981-4466-A727-EEC45D527F4E}.Release|Any CPU.ActiveCfg = Release|Any CPU
		{95046D61-4981-4466-A727-EEC45D527F4E}.Release|Any CPU.Build.0 = Release|Any CPU
	EndGlobalSection
	GlobalSection(SolutionProperties) = preSolution
		HideSolutionNode = FALSE
	EndGlobalSection
EndGlobal
